
Microsoft Visual Studio Solution File, Format Version 12.00
# Visual Studio Version 16
VisualStudioVersion = 16.0.30011.22
MinimumVisualStudioVersion = 10.0.40219.1
Project("{9A19103F-16F7-4668-BE54-9A1E7A4F7556}") = "1", "1\1.csproj", "{B5CC1F80-848F-4DEB-BF69-0CA1F89C641C}"
EndProject
Project("{9A19103F-16F7-4668-BE54-9A1E7A4F7556}") = "2", "2\2.csproj", "{3A8C3071-CD9B-465A-81AB-1BED407FBC5F}"
EndProject
Project("{9A19103F-16F7-4668-BE54-9A1E7A4F7556}") = "3", "3\3.csproj", "{4F6D2C17-7A3A-4760-B297-355A68A8E0B0}"
EndProject
Project("{9A19103F-16F7-4668-BE54-9A1E7A4F7556}") = "4", "4\4.csproj", "{4DE781BC-3D91-4CF5-9836-ADA7BF32C990}"
EndProject
Project("{9A19103F-16F7-4668-BE54-9A1E7A4F7556}") = "5", "5\5.csproj", "{9D1A4AAA-FA01-4234-8C8A-5ED02BBAEF7E}"
EndProject
Project("{9A19103F-16F7-4668-BE54-9A1E7A4F7556}") = "6", "6\6.csproj", "{201FB05A-843D-4BFB-BCF2-377082C59C1C}"
EndProject
Project("{9A19103F-16F7-4668-BE54-9A1E7A4F7556}") = "7", "7\7.csproj", "{CF740E02-84EC-4F54-BA50-2F94A8FBD5F5}"
EndProject
Project("{9A19103F-16F7-4668-BE54-9A1E7A4F7556}") = "8", "8\8.csproj", "{268FC360-DA34-4DAD-A92C-A8EFAF27DB01}"
EndProject
Project("{9A19103F-16F7-4668-BE54-9A1E7A4F7556}") = "9", "9\9.csproj", "{095DDAB5-EBE9-435F-B034-6A321A5AF788}"
EndProject
Project("{9A19103F-16F7-4668-BE54-9A1E7A4F7556}") = "10", "10\10.csproj", "{92EC6AC1-360A-44C1-934C-3C7ECD6D8E21}"
EndProject
Project("{FAE04EC0-301F-11D3-BF4B-00C04F79EFBC}") = "11", "11\11.csproj", "{BD944A48-8745-4FD3-ACA8-210A6D40E67C}"
EndProject
Global
	GlobalSection(SolutionConfigurationPlatforms) = preSolution
		Debug|Any CPU = Debug|Any CPU
		Release|Any CPU = Release|Any CPU
	EndGlobalSection
	GlobalSection(ProjectConfigurationPlatforms) = postSolution
		{B5CC1F80-848F-4DEB-BF69-0CA1F89C641C}.Debug|Any CPU.ActiveCfg = Debug|Any CPU
		{B5CC1F80-848F-4DEB-BF69-0CA1F89C641C}.Debug|Any CPU.Build.0 = Debug|Any CPU
		{B5CC1F80-848F-4DEB-BF69-0CA1F89C641C}.Release|Any CPU.ActiveCfg = Release|Any CPU
		{B5CC1F80-848F-4DEB-BF69-0CA1F89C641C}.Release|Any CPU.Build.0 = Release|Any CPU
		{3A8C3071-CD9B-465A-81AB-1BED407FBC5F}.Debug|Any CPU.ActiveCfg = Debug|Any CPU
		{3A8C3071-CD9B-465A-81AB-1BED407FBC5F}.Debug|Any CPU.Build.0 = Debug|Any CPU
		{3A8C3071-CD9B-465A-81AB-1BED407FBC5F}.Release|Any CPU.ActiveCfg = Release|Any CPU
		{3A8C3071-CD9B-465A-81AB-1BED407FBC5F}.Release|Any CPU.Build.0 = Release|Any CPU
		{4F6D2C17-7A3A-4760-B297-355A68A8E0B0}.Debug|Any CPU.ActiveCfg = Debug|Any CPU
		{4F6D2C17-7A3A-4760-B297-355A68A8E0B0}.Debug|Any CPU.Build.0 = Debug|Any CPU
		{4F6D2C17-7A3A-4760-B297-355A68A8E0B0}.Release|Any CPU.ActiveCfg = Release|Any CPU
		{4F6D2C17-7A3A-4760-B297-355A68A8E0B0}.Release|Any CPU.Build.0 = Release|Any CPU
		{4DE781BC-3D91-4CF5-9836-ADA7BF32C990}.Debug|Any CPU.ActiveCfg = Debug|Any CPU
		{4DE781BC-3D91-4CF5-9836-ADA7BF32C990}.Debug|Any CPU.Build.0 = Debug|Any CPU
		{4DE781BC-3D91-4CF5-9836-ADA7BF32C990}.Release|Any CPU.ActiveCfg = Release|Any CPU
		{4DE781BC-3D91-4CF5-9836-ADA7BF32C990}.Release|Any CPU.Build.0 = Release|Any CPU
		{9D1A4AAA-FA01-4234-8C8A-5ED02BBAEF7E}.Debug|Any CPU.ActiveCfg = Debug|Any CPU
		{9D1A4AAA-FA01-4234-8C8A-5ED02BBAEF7E}.Debug|Any CPU.Build.0 = Debug|Any CPU
		{9D1A4AAA-FA01-4234-8C8A-5ED02BBAEF7E}.Release|Any CPU.ActiveCfg = Release|Any CPU
		{9D1A4AAA-FA01-4234-8C8A-5ED02BBAEF7E}.Release|Any CPU.Build.0 = Release|Any CPU
		{201FB05A-843D-4BFB-BCF2-377082C59C1C}.Debug|Any CPU.ActiveCfg = Debug|Any CPU
		{201FB05A-843D-4BFB-BCF2-377082C59C1C}.Debug|Any CPU.Build.0 = Debug|Any CPU
		{201FB05A-843D-4BFB-BCF2-377082C59C1C}.Release|Any CPU.ActiveCfg = Release|Any CPU
		{201FB05A-843D-4BFB-BCF2-377082C59C1C}.Release|Any CPU.Build.0 = Release|Any CPU
		{CF740E02-84EC-4F54-BA50-2F94A8FBD5F5}.Debug|Any CPU.ActiveCfg = Debug|Any CPU
		{CF740E02-84EC-4F54-BA50-2F94A8FBD5F5}.Debug|Any CPU.Build.0 = Debug|Any CPU
		{CF740E02-84EC-4F54-BA50-2F94A8FBD5F5}.Release|Any CPU.ActiveCfg = Release|Any CPU
		{CF740E02-84EC-4F54-BA50-2F94A8FBD5F5}.Release|Any CPU.Build.0 = Release|Any CPU
		{268FC360-DA34-4DAD-A92C-A8EFAF27DB01}.Debug|Any CPU.ActiveCfg = Debug|Any CPU
		{268FC360-DA34-4DAD-A92C-A8EFAF27DB01}.Debug|Any CPU.Build.0 = Debug|Any CPU
		{268FC360-DA34-4DAD-A92C-A8EFAF27DB01}.Release|Any CPU.ActiveCfg = Release|Any CPU
		{268FC360-DA34-4DAD-A92C-A8EFAF27DB01}.Release|Any CPU.Build.0 = Release|Any CPU
		{095DDAB5-EBE9-435F-B034-6A321A5AF788}.Debug|Any CPU.ActiveCfg = Debug|Any CPU
		{095DDAB5-EBE9-435F-B034-6A321A5AF788}.Debug|Any CPU.Build.0 = Debug|Any CPU
		{095DDAB5-EBE9-435F-B034-6A321A5AF788}.Release|Any CPU.ActiveCfg = Release|Any CPU
		{095DDAB5-EBE9-435F-B034-6A321A5AF788}.Release|Any CPU.Build.0 = Release|Any CPU
		{92EC6AC1-360A-44C1-934C-3C7ECD6D8E21}.Debug|Any CPU.ActiveCfg = Debug|Any CPU
		{92EC6AC1-360A-44C1-934C-3C7ECD6D8E21}.Debug|Any CPU.Build.0 = Debug|Any CPU
		{92EC6AC1-360A-44C1-934C-3C7ECD6D8E21}.Release|Any CPU.ActiveCfg = Release|Any CPU
		{92EC6AC1-360A-44C1-934C-3C7ECD6D8E21}.Release|Any CPU.Build.0 = Release|Any CPU
		{BD944A48-8745-4FD3-ACA8-210A6D40E67C}.Debug|Any CPU.ActiveCfg = Debug|Any CPU
		{BD944A48-8745-4FD3-ACA8-210A6D40E67C}.Debug|Any CPU.Build.0 = Debug|Any CPU
		{BD944A48-8745-4FD3-ACA8-210A6D40E67C}.Release|Any CPU.ActiveCfg = Release|Any CPU
		{BD944A48-8745-4FD3-ACA8-210A6D40E67C}.Release|Any CPU.Build.0 = Release|Any CPU
	EndGlobalSection
	GlobalSection(SolutionProperties) = preSolution
		HideSolutionNode = FALSE
	EndGlobalSection
	GlobalSection(ExtensibilityGlobals) = postSolution
		SolutionGuid = {C3CA9BD4-C13E-4F2F-B1C3-2761612FBD94}
	EndGlobalSection
EndGlobal
