
Microsoft Visual Studio Solution File, Format Version 12.00
# Visual Studio Version 16
VisualStudioVersion = 16.0.30611.23
MinimumVisualStudioVersion = 10.0.40219.1
Project("{9A19103F-16F7-4668-BE54-9A1E7A4F7556}") = "1", "1\1.csproj", "{2563148B-2C54-46F0-BB57-31508690F4D7}"
EndProject
Project("{9A19103F-16F7-4668-BE54-9A1E7A4F7556}") = "2", "2\2.csproj", "{2767B065-0F4D-4FD8-A33F-0291DD035C1D}"
EndProject
Project("{9A19103F-16F7-4668-BE54-9A1E7A4F7556}") = "3", "3\3.csproj", "{331B6CFE-DC3D-44BD-B3AE-C96D4DDBC2CF}"
EndProject
Project("{9A19103F-16F7-4668-BE54-9A1E7A4F7556}") = "4", "4\4.csproj", "{3706D59C-B5AE-486F-B957-A4C10251106E}"
EndProject
Project("{9A19103F-16F7-4668-BE54-9A1E7A4F7556}") = "5", "5\5.csproj", "{3D236295-499F-4C66-AD07-B4288A9C6A1F}"
EndProject
Project("{9A19103F-16F7-4668-BE54-9A1E7A4F7556}") = "6", "6\6.csproj", "{74F7E450-97AC-4826-9514-5B4C66B11321}"
EndProject
Project("{9A19103F-16F7-4668-BE54-9A1E7A4F7556}") = "7", "7\7.csproj", "{F9161A20-451C-4C68-BAFE-1F69D9C48DAB}"
EndProject
Project("{9A19103F-16F7-4668-BE54-9A1E7A4F7556}") = "8", "8\8.csproj", "{812B9B51-62BA-4DB0-83CA-46B7773EDE39}"
EndProject
Project("{9A19103F-16F7-4668-BE54-9A1E7A4F7556}") = "9", "9\9.csproj", "{650257D5-0EB0-443A-BCC7-907D4D161458}"
EndProject
Project("{9A19103F-16F7-4668-BE54-9A1E7A4F7556}") = "10", "10\10.csproj", "{664C699E-542D-4A19-999C-1BA18F4E6F47}"
EndProject
Project("{9A19103F-16F7-4668-BE54-9A1E7A4F7556}") = "11", "11\11.csproj", "{DF81EE34-A49B-4027-BC57-9D26BB9C46DD}"
EndProject
Project("{9A19103F-16F7-4668-BE54-9A1E7A4F7556}") = "12", "12\12.csproj", "{A01362B0-CFB1-4A22-9170-1695ED9BC716}"
EndProject
Project("{9A19103F-16F7-4668-BE54-9A1E7A4F7556}") = "13", "13\13.csproj", "{714F3540-9ABE-4C34-9BAF-F8DAD794E2AD}"
EndProject
Project("{9A19103F-16F7-4668-BE54-9A1E7A4F7556}") = "14", "14\14.csproj", "{4A8641DE-2CA3-4B2F-90C6-7AA4095234E8}"
EndProject
Project("{FAE04EC0-301F-11D3-BF4B-00C04F79EFBC}") = "15", "15\15.csproj", "{96489B24-C165-458C-84A0-4E1E067C8F21}"
EndProject
Global
	GlobalSection(SolutionConfigurationPlatforms) = preSolution
		Debug|Any CPU = Debug|Any CPU
		Release|Any CPU = Release|Any CPU
	EndGlobalSection
	GlobalSection(ProjectConfigurationPlatforms) = postSolution
		{2563148B-2C54-46F0-BB57-31508690F4D7}.Debug|Any CPU.ActiveCfg = Debug|Any CPU
		{2563148B-2C54-46F0-BB57-31508690F4D7}.Debug|Any CPU.Build.0 = Debug|Any CPU
		{2563148B-2C54-46F0-BB57-31508690F4D7}.Release|Any CPU.ActiveCfg = Release|Any CPU
		{2563148B-2C54-46F0-BB57-31508690F4D7}.Release|Any CPU.Build.0 = Release|Any CPU
		{2767B065-0F4D-4FD8-A33F-0291DD035C1D}.Debug|Any CPU.ActiveCfg = Debug|Any CPU
		{2767B065-0F4D-4FD8-A33F-0291DD035C1D}.Debug|Any CPU.Build.0 = Debug|Any CPU
		{2767B065-0F4D-4FD8-A33F-0291DD035C1D}.Release|Any CPU.ActiveCfg = Release|Any CPU
		{2767B065-0F4D-4FD8-A33F-0291DD035C1D}.Release|Any CPU.Build.0 = Release|Any CPU
		{331B6CFE-DC3D-44BD-B3AE-C96D4DDBC2CF}.Debug|Any CPU.ActiveCfg = Debug|Any CPU
		{331B6CFE-DC3D-44BD-B3AE-C96D4DDBC2CF}.Debug|Any CPU.Build.0 = Debug|Any CPU
		{331B6CFE-DC3D-44BD-B3AE-C96D4DDBC2CF}.Release|Any CPU.ActiveCfg = Release|Any CPU
		{331B6CFE-DC3D-44BD-B3AE-C96D4DDBC2CF}.Release|Any CPU.Build.0 = Release|Any CPU
		{3706D59C-B5AE-486F-B957-A4C10251106E}.Debug|Any CPU.ActiveCfg = Debug|Any CPU
		{3706D59C-B5AE-486F-B957-A4C10251106E}.Debug|Any CPU.Build.0 = Debug|Any CPU
		{3706D59C-B5AE-486F-B957-A4C10251106E}.Release|Any CPU.ActiveCfg = Release|Any CPU
		{3706D59C-B5AE-486F-B957-A4C10251106E}.Release|Any CPU.Build.0 = Release|Any CPU
		{3D236295-499F-4C66-AD07-B4288A9C6A1F}.Debug|Any CPU.ActiveCfg = Debug|Any CPU
		{3D236295-499F-4C66-AD07-B4288A9C6A1F}.Debug|Any CPU.Build.0 = Debug|Any CPU
		{3D236295-499F-4C66-AD07-B4288A9C6A1F}.Release|Any CPU.ActiveCfg = Release|Any CPU
		{3D236295-499F-4C66-AD07-B4288A9C6A1F}.Release|Any CPU.Build.0 = Release|Any CPU
		{74F7E450-97AC-4826-9514-5B4C66B11321}.Debug|Any CPU.ActiveCfg = Debug|Any CPU
		{74F7E450-97AC-4826-9514-5B4C66B11321}.Debug|Any CPU.Build.0 = Debug|Any CPU
		{74F7E450-97AC-4826-9514-5B4C66B11321}.Release|Any CPU.ActiveCfg = Release|Any CPU
		{74F7E450-97AC-4826-9514-5B4C66B11321}.Release|Any CPU.Build.0 = Release|Any CPU
		{F9161A20-451C-4C68-BAFE-1F69D9C48DAB}.Debug|Any CPU.ActiveCfg = Debug|Any CPU
		{F9161A20-451C-4C68-BAFE-1F69D9C48DAB}.Debug|Any CPU.Build.0 = Debug|Any CPU
		{F9161A20-451C-4C68-BAFE-1F69D9C48DAB}.Release|Any CPU.ActiveCfg = Release|Any CPU
		{F9161A20-451C-4C68-BAFE-1F69D9C48DAB}.Release|Any CPU.Build.0 = Release|Any CPU
		{812B9B51-62BA-4DB0-83CA-46B7773EDE39}.Debug|Any CPU.ActiveCfg = Debug|Any CPU
		{812B9B51-62BA-4DB0-83CA-46B7773EDE39}.Debug|Any CPU.Build.0 = Debug|Any CPU
		{812B9B51-62BA-4DB0-83CA-46B7773EDE39}.Release|Any CPU.ActiveCfg = Release|Any CPU
		{812B9B51-62BA-4DB0-83CA-46B7773EDE39}.Release|Any CPU.Build.0 = Release|Any CPU
		{650257D5-0EB0-443A-BCC7-907D4D161458}.Debug|Any CPU.ActiveCfg = Debug|Any CPU
		{650257D5-0EB0-443A-BCC7-907D4D161458}.Debug|Any CPU.Build.0 = Debug|Any CPU
		{650257D5-0EB0-443A-BCC7-907D4D161458}.Release|Any CPU.ActiveCfg = Release|Any CPU
		{650257D5-0EB0-443A-BCC7-907D4D161458}.Release|Any CPU.Build.0 = Release|Any CPU
		{664C699E-542D-4A19-999C-1BA18F4E6F47}.Debug|Any CPU.ActiveCfg = Debug|Any CPU
		{664C699E-542D-4A19-999C-1BA18F4E6F47}.Debug|Any CPU.Build.0 = Debug|Any CPU
		{664C699E-542D-4A19-999C-1BA18F4E6F47}.Release|Any CPU.ActiveCfg = Release|Any CPU
		{664C699E-542D-4A19-999C-1BA18F4E6F47}.Release|Any CPU.Build.0 = Release|Any CPU
		{DF81EE34-A49B-4027-BC57-9D26BB9C46DD}.Debug|Any CPU.ActiveCfg = Debug|Any CPU
		{DF81EE34-A49B-4027-BC57-9D26BB9C46DD}.Debug|Any CPU.Build.0 = Debug|Any CPU
		{DF81EE34-A49B-4027-BC57-9D26BB9C46DD}.Release|Any CPU.ActiveCfg = Release|Any CPU
		{DF81EE34-A49B-4027-BC57-9D26BB9C46DD}.Release|Any CPU.Build.0 = Release|Any CPU
		{A01362B0-CFB1-4A22-9170-1695ED9BC716}.Debug|Any CPU.ActiveCfg = Debug|Any CPU
		{A01362B0-CFB1-4A22-9170-1695ED9BC716}.Debug|Any CPU.Build.0 = Debug|Any CPU
		{A01362B0-CFB1-4A22-9170-1695ED9BC716}.Release|Any CPU.ActiveCfg = Release|Any CPU
		{A01362B0-CFB1-4A22-9170-1695ED9BC716}.Release|Any CPU.Build.0 = Release|Any CPU
		{714F3540-9ABE-4C34-9BAF-F8DAD794E2AD}.Debug|Any CPU.ActiveCfg = Debug|Any CPU
		{714F3540-9ABE-4C34-9BAF-F8DAD794E2AD}.Debug|Any CPU.Build.0 = Debug|Any CPU
		{714F3540-9ABE-4C34-9BAF-F8DAD794E2AD}.Release|Any CPU.ActiveCfg = Release|Any CPU
		{714F3540-9ABE-4C34-9BAF-F8DAD794E2AD}.Release|Any CPU.Build.0 = Release|Any CPU
		{4A8641DE-2CA3-4B2F-90C6-7AA4095234E8}.Debug|Any CPU.ActiveCfg = Debug|Any CPU
		{4A8641DE-2CA3-4B2F-90C6-7AA4095234E8}.Debug|Any CPU.Build.0 = Debug|Any CPU
		{4A8641DE-2CA3-4B2F-90C6-7AA4095234E8}.Release|Any CPU.ActiveCfg = Release|Any CPU
		{4A8641DE-2CA3-4B2F-90C6-7AA4095234E8}.Release|Any CPU.Build.0 = Release|Any CPU
		{96489B24-C165-458C-84A0-4E1E067C8F21}.Debug|Any CPU.ActiveCfg = Debug|Any CPU
		{96489B24-C165-458C-84A0-4E1E067C8F21}.Debug|Any CPU.Build.0 = Debug|Any CPU
		{96489B24-C165-458C-84A0-4E1E067C8F21}.Release|Any CPU.ActiveCfg = Release|Any CPU
		{96489B24-C165-458C-84A0-4E1E067C8F21}.Release|Any CPU.Build.0 = Release|Any CPU
	EndGlobalSection
	GlobalSection(SolutionProperties) = preSolution
		HideSolutionNode = FALSE
	EndGlobalSection
	GlobalSection(ExtensibilityGlobals) = postSolution
		SolutionGuid = {142C56AD-1D5C-4F06-9D15-6F7AD010259E}
	EndGlobalSection
EndGlobal
