
Microsoft Visual Studio Solution File, Format Version 12.00
# Visual Studio Version 16
VisualStudioVersion = 16.0.30611.23
MinimumVisualStudioVersion = 10.0.40219.1
Project("{FAE04EC0-301F-11D3-BF4B-00C04F79EFBC}") = "1", "1\1.csproj", "{2563148B-2C54-46F0-BB57-31508690F4D7}"
EndProject
Project("{FAE04EC0-301F-11D3-BF4B-00C04F79EFBC}") = "2", "2\2.csproj", "{2767B065-0F4D-4FD8-A33F-0291DD035C1D}"
EndProject
Project("{FAE04EC0-301F-11D3-BF4B-00C04F79EFBC}") = "3", "3\3.csproj", "{331B6CFE-DC3D-44BD-B3AE-C96D4DDBC2CF}"
EndProject
Project("{FAE04EC0-301F-11D3-BF4B-00C04F79EFBC}") = "4", "4\4.csproj", "{3706D59C-B5AE-486F-B957-A4C10251106E}"
EndProject
Project("{FAE04EC0-301F-11D3-BF4B-00C04F79EFBC}") = "5", "5\5.csproj", "{3D236295-499F-4C66-AD07-B4288A9C6A1F}"
EndProject
Project("{FAE04EC0-301F-11D3-BF4B-00C04F79EFBC}") = "6", "6\6.csproj", "{74F7E450-97AC-4826-9514-5B4C66B11321}"
EndProject
Project("{FAE04EC0-301F-11D3-BF4B-00C04F79EFBC}") = "7", "7\7.csproj", "{F9161A20-451C-4C68-BAFE-1F69D9C48DAB}"
EndProject
Project("{FAE04EC0-301F-11D3-BF4B-00C04F79EFBC}") = "8", "8\8.csproj", "{812B9B51-62BA-4DB0-83CA-46B7773EDE39}"
EndProject
Project("{FAE04EC0-301F-11D3-BF4B-00C04F79EFBC}") = "9", "9\9.csproj", "{650257D5-0EB0-443A-BCC7-907D4D161458}"
EndProject
Project("{FAE04EC0-301F-11D3-BF4B-00C04F79EFBC}") = "10", "10\10.csproj", "{664C699E-542D-4A19-999C-1BA18F4E6F47}"
EndProject
Global
	GlobalSection(SolutionConfigurationPlatforms) = preSolution
		Debug|Any CPU = Debug|Any CPU
		Release|Any CPU = Release|Any CPU
	EndGlobalSection
	GlobalSection(ProjectConfigurationPlatforms) = postSolution
		{2563148B-2C54-46F0-BB57-31508690F4D7}.Debug|Any CPU.ActiveCfg = Debug|Any CPU
		{2563148B-2C54-46F0-BB57-31508690F4D7}.Debug|Any CPU.Build.0 = Debug|Any CPU
		{2563148B-2C54-46F0-BB57-31508690F4D7}.Release|Any CPU.ActiveCfg = Release|Any CPU
		{2563148B-2C54-46F0-BB57-31508690F4D7}.Release|Any CPU.Build.0 = Release|Any CPU
		{2767B065-0F4D-4FD8-A33F-0291DD035C1D}.Debug|Any CPU.ActiveCfg = Debug|Any CPU
		{2767B065-0F4D-4FD8-A33F-0291DD035C1D}.Debug|Any CPU.Build.0 = Debug|Any CPU
		{2767B065-0F4D-4FD8-A33F-0291DD035C1D}.Release|Any CPU.ActiveCfg = Release|Any CPU
		{2767B065-0F4D-4FD8-A33F-0291DD035C1D}.Release|Any CPU.Build.0 = Release|Any CPU
		{331B6CFE-DC3D-44BD-B3AE-C96D4DDBC2CF}.Debug|Any CPU.ActiveCfg = Debug|Any CPU
		{331B6CFE-DC3D-44BD-B3AE-C96D4DDBC2CF}.Debug|Any CPU.Build.0 = Debug|Any CPU
		{331B6CFE-DC3D-44BD-B3AE-C96D4DDBC2CF}.Release|Any CPU.ActiveCfg = Release|Any CPU
		{331B6CFE-DC3D-44BD-B3AE-C96D4DDBC2CF}.Release|Any CPU.Build.0 = Release|Any CPU
		{3706D59C-B5AE-486F-B957-A4C10251106E}.Debug|Any CPU.ActiveCfg = Debug|Any CPU
		{3706D59C-B5AE-486F-B957-A4C10251106E}.Debug|Any CPU.Build.0 = Debug|Any CPU
		{3706D59C-B5AE-486F-B957-A4C10251106E}.Release|Any CPU.ActiveCfg = Release|Any CPU
		{3706D59C-B5AE-486F-B957-A4C10251106E}.Release|Any CPU.Build.0 = Release|Any CPU
		{3D236295-499F-4C66-AD07-B4288A9C6A1F}.Debug|Any CPU.ActiveCfg = Debug|Any CPU
		{3D236295-499F-4C66-AD07-B4288A9C6A1F}.Debug|Any CPU.Build.0 = Debug|Any CPU
		{3D236295-499F-4C66-AD07-B4288A9C6A1F}.Release|Any CPU.ActiveCfg = Release|Any CPU
		{3D236295-499F-4C66-AD07-B4288A9C6A1F}.Release|Any CPU.Build.0 = Release|Any CPU
		{74F7E450-97AC-4826-9514-5B4C66B11321}.Debug|Any CPU.ActiveCfg = Debug|Any CPU
		{74F7E450-97AC-4826-9514-5B4C66B11321}.Debug|Any CPU.Build.0 = Debug|Any CPU
		{74F7E450-97AC-4826-9514-5B4C66B11321}.Release|Any CPU.ActiveCfg = Release|Any CPU
		{74F7E450-97AC-4826-9514-5B4C66B11321}.Release|Any CPU.Build.0 = Release|Any CPU
		{F9161A20-451C-4C68-BAFE-1F69D9C48DAB}.Debug|Any CPU.ActiveCfg = Debug|Any CPU
		{F9161A20-451C-4C68-BAFE-1F69D9C48DAB}.Debug|Any CPU.Build.0 = Debug|Any CPU
		{F9161A20-451C-4C68-BAFE-1F69D9C48DAB}.Release|Any CPU.ActiveCfg = Release|Any CPU
		{F9161A20-451C-4C68-BAFE-1F69D9C48DAB}.Release|Any CPU.Build.0 = Release|Any CPU
		{812B9B51-62BA-4DB0-83CA-46B7773EDE39}.Debug|Any CPU.ActiveCfg = Debug|Any CPU
		{812B9B51-62BA-4DB0-83CA-46B7773EDE39}.Debug|Any CPU.Build.0 = Debug|Any CPU
		{812B9B51-62BA-4DB0-83CA-46B7773EDE39}.Release|Any CPU.ActiveCfg = Release|Any CPU
		{812B9B51-62BA-4DB0-83CA-46B7773EDE39}.Release|Any CPU.Build.0 = Release|Any CPU
		{650257D5-0EB0-443A-BCC7-907D4D161458}.Debug|Any CPU.ActiveCfg = Debug|Any CPU
		{650257D5-0EB0-443A-BCC7-907D4D161458}.Debug|Any CPU.Build.0 = Debug|Any CPU
		{650257D5-0EB0-443A-BCC7-907D4D161458}.Release|Any CPU.ActiveCfg = Release|Any CPU
		{650257D5-0EB0-443A-BCC7-907D4D161458}.Release|Any CPU.Build.0 = Release|Any CPU
		{664C699E-542D-4A19-999C-1BA18F4E6F47}.Debug|Any CPU.ActiveCfg = Debug|Any CPU
		{664C699E-542D-4A19-999C-1BA18F4E6F47}.Debug|Any CPU.Build.0 = Debug|Any CPU
		{664C699E-542D-4A19-999C-1BA18F4E6F47}.Release|Any CPU.ActiveCfg = Release|Any CPU
		{664C699E-542D-4A19-999C-1BA18F4E6F47}.Release|Any CPU.Build.0 = Release|Any CPU
	EndGlobalSection
	GlobalSection(SolutionProperties) = preSolution
		HideSolutionNode = FALSE
	EndGlobalSection
	GlobalSection(ExtensibilityGlobals) = postSolution
		SolutionGuid = {142C56AD-1D5C-4F06-9D15-6F7AD010259E}
	EndGlobalSection
EndGlobal
